
Microsoft Visual Studio Solution File, Format Version 12.00
# Visual Studio 15
VisualStudioVersion = 15.0.28307.757
MinimumVisualStudioVersion = 10.0.40219.1
Project("{8BC9CEB8-8B4A-11D0-8D11-00A0C91BC942}") = "projeto_abb", "projeto_abb\projeto_abb.vcxproj", "{725EA766-7E9B-4B39-9DB1-007DD0C2C9B7}"
EndProject
Global
	GlobalSection(SolutionConfigurationPlatforms) = preSolution
		Debug|x64 = Debug|x64
		Debug|x86 = Debug|x86
		Release|x64 = Release|x64
		Release|x86 = Release|x86
	EndGlobalSection
	GlobalSection(ProjectConfigurationPlatforms) = postSolution
		{725EA766-7E9B-4B39-9DB1-007DD0C2C9B7}.Debug|x64.ActiveCfg = Debug|x64
		{725EA766-7E9B-4B39-9DB1-007DD0C2C9B7}.Debug|x64.Build.0 = Debug|x64
		{725EA766-7E9B-4B39-9DB1-007DD0C2C9B7}.Debug|x86.ActiveCfg = Debug|Win32
		{725EA766-7E9B-4B39-9DB1-007DD0C2C9B7}.Debug|x86.Build.0 = Debug|Win32
		{725EA766-7E9B-4B39-9DB1-007DD0C2C9B7}.Release|x64.ActiveCfg = Release|x64
		{725EA766-7E9B-4B39-9DB1-007DD0C2C9B7}.Release|x64.Build.0 = Release|x64
		{725EA766-7E9B-4B39-9DB1-007DD0C2C9B7}.Release|x86.ActiveCfg = Release|Win32
		{725EA766-7E9B-4B39-9DB1-007DD0C2C9B7}.Release|x86.Build.0 = Release|Win32
	EndGlobalSection
	GlobalSection(SolutionProperties) = preSolution
		HideSolutionNode = FALSE
	EndGlobalSection
	GlobalSection(ExtensibilityGlobals) = postSolution
		SolutionGuid = {49D02573-E766-491E-9603-7DB35DF55282}
	EndGlobalSection
EndGlobal
